
Microsoft Visual Studio Solution File, Format Version 12.00
# Visual Studio 15
VisualStudioVersion = 15.0.27428.2005
MinimumVisualStudioVersion = 10.0.40219.1
Project("{9A19103F-16F7-4668-BE54-9A1E7A4F7556}") = "1 - GettingStarted", "GettingStarted\1 - GettingStarted.csproj", "{CFB771D7-DC10-44A8-8C01-75B95076C9DB}"
EndProject
Project("{FAE04EC0-301F-11D3-BF4B-00C04F79EFBC}") = "2 - DivideAndConquer", "2 - DivideAndConquer\2 - DivideAndConquer.csproj", "{54F08C66-70DB-452A-B5C7-5613DA6386DA}"
EndProject
Global
	GlobalSection(SolutionConfigurationPlatforms) = preSolution
		Debug|Any CPU = Debug|Any CPU
		Release|Any CPU = Release|Any CPU
	EndGlobalSection
	GlobalSection(ProjectConfigurationPlatforms) = postSolution
		{CFB771D7-DC10-44A8-8C01-75B95076C9DB}.Debug|Any CPU.ActiveCfg = Debug|Any CPU
		{CFB771D7-DC10-44A8-8C01-75B95076C9DB}.Debug|Any CPU.Build.0 = Debug|Any CPU
		{CFB771D7-DC10-44A8-8C01-75B95076C9DB}.Release|Any CPU.ActiveCfg = Release|Any CPU
		{CFB771D7-DC10-44A8-8C01-75B95076C9DB}.Release|Any CPU.Build.0 = Release|Any CPU
		{54F08C66-70DB-452A-B5C7-5613DA6386DA}.Debug|Any CPU.ActiveCfg = Debug|Any CPU
		{54F08C66-70DB-452A-B5C7-5613DA6386DA}.Debug|Any CPU.Build.0 = Debug|Any CPU
		{54F08C66-70DB-452A-B5C7-5613DA6386DA}.Release|Any CPU.ActiveCfg = Release|Any CPU
		{54F08C66-70DB-452A-B5C7-5613DA6386DA}.Release|Any CPU.Build.0 = Release|Any CPU
	EndGlobalSection
	GlobalSection(SolutionProperties) = preSolution
		HideSolutionNode = FALSE
	EndGlobalSection
	GlobalSection(ExtensibilityGlobals) = postSolution
		SolutionGuid = {D1DF4641-8A70-4352-9D19-2E09511D6DD1}
	EndGlobalSection
EndGlobal
