
Microsoft Visual Studio Solution File, Format Version 12.00
# Visual Studio 15
VisualStudioVersion = 15.0.27428.2005
MinimumVisualStudioVersion = 10.0.40219.1
Project("{9A19103F-16F7-4668-BE54-9A1E7A4F7556}") = "Sorting", "Sorting\Sorting.csproj", "{DE39123F-B572-4D12-891A-62CAB4FD28D4}"
EndProject
Project("{9A19103F-16F7-4668-BE54-9A1E7A4F7556}") = "Miscellaneous", "Miscellaneous\Miscellaneous.csproj", "{989D5194-EF43-4C2B-9F41-975B267EE4BC}"
EndProject
Project("{9A19103F-16F7-4668-BE54-9A1E7A4F7556}") = "StringSearch", "StringSearch\StringSearch.csproj", "{911D3525-4025-42EC-8911-B364E51E43E7}"
EndProject
Project("{FAE04EC0-301F-11D3-BF4B-00C04F79EFBC}") = "Graphs", "Graphs\Graphs.csproj", "{6D5EADF7-F8DF-42FE-9318-40BBC24076E1}"
EndProject
Global
	GlobalSection(SolutionConfigurationPlatforms) = preSolution
		Debug|Any CPU = Debug|Any CPU
		Release|Any CPU = Release|Any CPU
	EndGlobalSection
	GlobalSection(ProjectConfigurationPlatforms) = postSolution
		{DE39123F-B572-4D12-891A-62CAB4FD28D4}.Debug|Any CPU.ActiveCfg = Debug|Any CPU
		{DE39123F-B572-4D12-891A-62CAB4FD28D4}.Debug|Any CPU.Build.0 = Debug|Any CPU
		{DE39123F-B572-4D12-891A-62CAB4FD28D4}.Release|Any CPU.ActiveCfg = Release|Any CPU
		{DE39123F-B572-4D12-891A-62CAB4FD28D4}.Release|Any CPU.Build.0 = Release|Any CPU
		{989D5194-EF43-4C2B-9F41-975B267EE4BC}.Debug|Any CPU.ActiveCfg = Debug|Any CPU
		{989D5194-EF43-4C2B-9F41-975B267EE4BC}.Debug|Any CPU.Build.0 = Debug|Any CPU
		{989D5194-EF43-4C2B-9F41-975B267EE4BC}.Release|Any CPU.ActiveCfg = Release|Any CPU
		{989D5194-EF43-4C2B-9F41-975B267EE4BC}.Release|Any CPU.Build.0 = Release|Any CPU
		{911D3525-4025-42EC-8911-B364E51E43E7}.Debug|Any CPU.ActiveCfg = Debug|Any CPU
		{911D3525-4025-42EC-8911-B364E51E43E7}.Debug|Any CPU.Build.0 = Debug|Any CPU
		{911D3525-4025-42EC-8911-B364E51E43E7}.Release|Any CPU.ActiveCfg = Release|Any CPU
		{911D3525-4025-42EC-8911-B364E51E43E7}.Release|Any CPU.Build.0 = Release|Any CPU
		{6D5EADF7-F8DF-42FE-9318-40BBC24076E1}.Debug|Any CPU.ActiveCfg = Debug|Any CPU
		{6D5EADF7-F8DF-42FE-9318-40BBC24076E1}.Debug|Any CPU.Build.0 = Debug|Any CPU
		{6D5EADF7-F8DF-42FE-9318-40BBC24076E1}.Release|Any CPU.ActiveCfg = Release|Any CPU
		{6D5EADF7-F8DF-42FE-9318-40BBC24076E1}.Release|Any CPU.Build.0 = Release|Any CPU
	EndGlobalSection
	GlobalSection(SolutionProperties) = preSolution
		HideSolutionNode = FALSE
	EndGlobalSection
	GlobalSection(ExtensibilityGlobals) = postSolution
		SolutionGuid = {D1DF4641-8A70-4352-9D19-2E09511D6DD1}
	EndGlobalSection
EndGlobal
