
Microsoft Visual Studio Solution File, Format Version 12.00
# Visual Studio 15
VisualStudioVersion = 15.0.27428.2005
MinimumVisualStudioVersion = 10.0.40219.1
Project("{FAE04EC0-301F-11D3-BF4B-00C04F79EFBC}") = "1 - GettingStarted", "GettingStarted\1 - GettingStarted.csproj", "{CFB771D7-DC10-44A8-8C01-75B95076C9DB}"
EndProject
Project("{FAE04EC0-301F-11D3-BF4B-00C04F79EFBC}") = "Infrastructure", "Infrastructure\Infrastructure.csproj", "{862525BB-DC32-4A8E-A932-79F465FC3A83}"
EndProject
Project("{2150E333-8FDC-42A3-9474-1A3956D46DE8}") = "Shared", "Shared", "{81256BC4-D1A1-4D61-9215-160BFD536653}"
EndProject
Global
	GlobalSection(SolutionConfigurationPlatforms) = preSolution
		Debug|Any CPU = Debug|Any CPU
		Release|Any CPU = Release|Any CPU
	EndGlobalSection
	GlobalSection(ProjectConfigurationPlatforms) = postSolution
		{CFB771D7-DC10-44A8-8C01-75B95076C9DB}.Debug|Any CPU.ActiveCfg = Debug|Any CPU
		{CFB771D7-DC10-44A8-8C01-75B95076C9DB}.Debug|Any CPU.Build.0 = Debug|Any CPU
		{CFB771D7-DC10-44A8-8C01-75B95076C9DB}.Release|Any CPU.ActiveCfg = Release|Any CPU
		{CFB771D7-DC10-44A8-8C01-75B95076C9DB}.Release|Any CPU.Build.0 = Release|Any CPU
		{862525BB-DC32-4A8E-A932-79F465FC3A83}.Debug|Any CPU.ActiveCfg = Debug|Any CPU
		{862525BB-DC32-4A8E-A932-79F465FC3A83}.Debug|Any CPU.Build.0 = Debug|Any CPU
		{862525BB-DC32-4A8E-A932-79F465FC3A83}.Release|Any CPU.ActiveCfg = Release|Any CPU
		{862525BB-DC32-4A8E-A932-79F465FC3A83}.Release|Any CPU.Build.0 = Release|Any CPU
	EndGlobalSection
	GlobalSection(SolutionProperties) = preSolution
		HideSolutionNode = FALSE
	EndGlobalSection
	GlobalSection(NestedProjects) = preSolution
		{862525BB-DC32-4A8E-A932-79F465FC3A83} = {81256BC4-D1A1-4D61-9215-160BFD536653}
	EndGlobalSection
	GlobalSection(ExtensibilityGlobals) = postSolution
		SolutionGuid = {D1DF4641-8A70-4352-9D19-2E09511D6DD1}
	EndGlobalSection
EndGlobal
