
Microsoft Visual Studio Solution File, Format Version 12.00
# Visual Studio 15
VisualStudioVersion = 15.0.27428.2005
MinimumVisualStudioVersion = 10.0.40219.1
Project("{2150E333-8FDC-42A3-9474-1A3956D46DE8}") = "GettingStarted", "GettingStarted", "{FC0D9590-D427-40F7-A747-565CF1A0B866}"
EndProject
Project("{FAE04EC0-301F-11D3-BF4B-00C04F79EFBC}") = "InsertionSort", "InsertionSort\InsertionSort.csproj", "{8CEF58DE-0B20-4A0D-B7A5-45C3B5BB0E59}"
EndProject
Global
	GlobalSection(SolutionConfigurationPlatforms) = preSolution
		Debug|Any CPU = Debug|Any CPU
		Release|Any CPU = Release|Any CPU
	EndGlobalSection
	GlobalSection(ProjectConfigurationPlatforms) = postSolution
		{8CEF58DE-0B20-4A0D-B7A5-45C3B5BB0E59}.Debug|Any CPU.ActiveCfg = Debug|Any CPU
		{8CEF58DE-0B20-4A0D-B7A5-45C3B5BB0E59}.Debug|Any CPU.Build.0 = Debug|Any CPU
		{8CEF58DE-0B20-4A0D-B7A5-45C3B5BB0E59}.Release|Any CPU.ActiveCfg = Release|Any CPU
		{8CEF58DE-0B20-4A0D-B7A5-45C3B5BB0E59}.Release|Any CPU.Build.0 = Release|Any CPU
	EndGlobalSection
	GlobalSection(SolutionProperties) = preSolution
		HideSolutionNode = FALSE
	EndGlobalSection
	GlobalSection(NestedProjects) = preSolution
		{8CEF58DE-0B20-4A0D-B7A5-45C3B5BB0E59} = {FC0D9590-D427-40F7-A747-565CF1A0B866}
	EndGlobalSection
	GlobalSection(ExtensibilityGlobals) = postSolution
		SolutionGuid = {D1DF4641-8A70-4352-9D19-2E09511D6DD1}
	EndGlobalSection
EndGlobal
